
Microsoft Visual Studio Solution File, Format Version 12.00
# Visual Studio Version 16
VisualStudioVersion = 16.0.31424.327
MinimumVisualStudioVersion = 10.0.40219.1
Project("{FAE04EC0-301F-11D3-BF4B-00C04F79EFBC}") = "HandsOnAPIUsingEF", "HandsOnAPIUsingEF\HandsOnAPIUsingEF.csproj", "{86CB8ABE-30C8-427C-A453-C849B2147768}"
EndProject
Global
	GlobalSection(SolutionConfigurationPlatforms) = preSolution
		Debug|Any CPU = Debug|Any CPU
		Release|Any CPU = Release|Any CPU
	EndGlobalSection
	GlobalSection(ProjectConfigurationPlatforms) = postSolution
		{86CB8ABE-30C8-427C-A453-C849B2147768}.Debug|Any CPU.ActiveCfg = Debug|Any CPU
		{86CB8ABE-30C8-427C-A453-C849B2147768}.Debug|Any CPU.Build.0 = Debug|Any CPU
		{86CB8ABE-30C8-427C-A453-C849B2147768}.Release|Any CPU.ActiveCfg = Release|Any CPU
		{86CB8ABE-30C8-427C-A453-C849B2147768}.Release|Any CPU.Build.0 = Release|Any CPU
	EndGlobalSection
	GlobalSection(SolutionProperties) = preSolution
		HideSolutionNode = FALSE
	EndGlobalSection
	GlobalSection(ExtensibilityGlobals) = postSolution
		SolutionGuid = {98DB8909-73A4-4224-909B-23D4F5F07DA1}
	EndGlobalSection
EndGlobal
